
Microsoft Visual Studio Solution File, Format Version 12.00
# Visual Studio 15
VisualStudioVersion = 15.0.28307.1500
MinimumVisualStudioVersion = 10.0.40219.1
Project("{8BC9CEB8-8B4A-11D0-8D11-00A0C91BC942}") = "FA2Exp", "FA2Exp\FA2Exp.vcxproj", "{6F901551-EAE7-4869-96A3-AAB97B0B6386}"
EndProject
Global
	GlobalSection(SolutionConfigurationPlatforms) = preSolution
		Debug|x64 = Debug|x64
		Debug|x86 = Debug|x86
		LayoutRelease|x64 = LayoutRelease|x64
		LayoutRelease|x86 = LayoutRelease|x86
		Release|x64 = Release|x64
		Release|x86 = Release|x86
		Release19|x64 = Release19|x64
		Release19|x86 = Release19|x86
		ReleaseSt|x64 = ReleaseSt|x64
		ReleaseSt|x86 = ReleaseSt|x86
	EndGlobalSection
	GlobalSection(ProjectConfigurationPlatforms) = postSolution
		{6F901551-EAE7-4869-96A3-AAB97B0B6386}.Debug|x64.ActiveCfg = Debug|x64
		{6F901551-EAE7-4869-96A3-AAB97B0B6386}.Debug|x64.Build.0 = Debug|x64
		{6F901551-EAE7-4869-96A3-AAB97B0B6386}.Debug|x86.ActiveCfg = Debug|Win32
		{6F901551-EAE7-4869-96A3-AAB97B0B6386}.Debug|x86.Build.0 = Debug|Win32
		{6F901551-EAE7-4869-96A3-AAB97B0B6386}.LayoutRelease|x64.ActiveCfg = LayoutRelease|x64
		{6F901551-EAE7-4869-96A3-AAB97B0B6386}.LayoutRelease|x64.Build.0 = LayoutRelease|x64
		{6F901551-EAE7-4869-96A3-AAB97B0B6386}.LayoutRelease|x86.ActiveCfg = LayoutRelease|Win32
		{6F901551-EAE7-4869-96A3-AAB97B0B6386}.LayoutRelease|x86.Build.0 = LayoutRelease|Win32
		{6F901551-EAE7-4869-96A3-AAB97B0B6386}.Release|x64.ActiveCfg = Release|x64
		{6F901551-EAE7-4869-96A3-AAB97B0B6386}.Release|x64.Build.0 = Release|x64
		{6F901551-EAE7-4869-96A3-AAB97B0B6386}.Release|x86.ActiveCfg = Release|Win32
		{6F901551-EAE7-4869-96A3-AAB97B0B6386}.Release|x86.Build.0 = Release|Win32
		{6F901551-EAE7-4869-96A3-AAB97B0B6386}.Release19|x64.ActiveCfg = Release19|x64
		{6F901551-EAE7-4869-96A3-AAB97B0B6386}.Release19|x64.Build.0 = Release19|x64
		{6F901551-EAE7-4869-96A3-AAB97B0B6386}.Release19|x86.ActiveCfg = Release19|Win32
		{6F901551-EAE7-4869-96A3-AAB97B0B6386}.Release19|x86.Build.0 = Release19|Win32
		{6F901551-EAE7-4869-96A3-AAB97B0B6386}.ReleaseSt|x64.ActiveCfg = ReleaseSt|x64
		{6F901551-EAE7-4869-96A3-AAB97B0B6386}.ReleaseSt|x64.Build.0 = ReleaseSt|x64
		{6F901551-EAE7-4869-96A3-AAB97B0B6386}.ReleaseSt|x86.ActiveCfg = ReleaseSt|Win32
		{6F901551-EAE7-4869-96A3-AAB97B0B6386}.ReleaseSt|x86.Build.0 = ReleaseSt|Win32
	EndGlobalSection
	GlobalSection(SolutionProperties) = preSolution
		HideSolutionNode = FALSE
	EndGlobalSection
	GlobalSection(ExtensibilityGlobals) = postSolution
		SolutionGuid = {2DA217CF-6083-4509-8AEA-415906EC252E}
	EndGlobalSection
EndGlobal
